
Microsoft Visual Studio Solution File, Format Version 12.00
# Visual Studio 2013
VisualStudioVersion = 12.0.31101.0
MinimumVisualStudioVersion = 10.0.40219.1
Project("{FAE04EC0-301F-11D3-BF4B-00C04F79EFBC}") = "NetRPC", "NetRPC\NetRPC.csproj", "{2D82F477-02E6-480F-9DE2-E1922CC18DD4}"
EndProject
Project("{2150E333-8FDC-42A3-9474-1A3956D46DE8}") = "Samples", "Samples", "{9F2C8227-8925-42C2-966F-C06A96059EE4}"
EndProject
Project("{FAE04EC0-301F-11D3-BF4B-00C04F79EFBC}") = "NetRPC.Tests", "NetRPC.Tests\NetRPC.Tests.csproj", "{59BA2DF7-1A9C-4654-9A5E-CD5F36D4FA8E}"
EndProject
Project("{FAE04EC0-301F-11D3-BF4B-00C04F79EFBC}") = "NetRPC.SampleClient", "Samples\NetRPC.SampleClient\NetRPC.SampleClient.csproj", "{D6258601-4F1F-418A-AA4C-401BEDEB62E6}"
EndProject
Project("{FAE04EC0-301F-11D3-BF4B-00C04F79EFBC}") = "NetRPC.SampleHttpListernerServer", "Samples\NetRPC.SampleHttpListernerServer\NetRPC.SampleHttpListernerServer.csproj", "{9A6C42ED-FC02-4B54-B66E-6D443361906A}"
EndProject
Project("{FAE04EC0-301F-11D3-BF4B-00C04F79EFBC}") = "NetRPC.SelfHost", "NetRPC.SelfHost\NetRPC.SelfHost.csproj", "{52DEF466-022D-4D4A-808D-D5F8A6A1EDBF}"
EndProject
Project("{FAE04EC0-301F-11D3-BF4B-00C04F79EFBC}") = "NetRPC.SystemWebHost", "NetRPC.SystemWebHost\NetRPC.SystemWebHost.csproj", "{836A7167-7695-4B0C-BCED-73302C9D5C09}"
EndProject
Project("{FAE04EC0-301F-11D3-BF4B-00C04F79EFBC}") = "NetRPC.SampleWebHost", "NetRPC.SampleWebHost\NetRPC.SampleWebHost.csproj", "{2FBD50A5-33C3-40F1-AECE-DE7CF15CA7B5}"
EndProject
Global
	GlobalSection(SolutionConfigurationPlatforms) = preSolution
		Debug|Any CPU = Debug|Any CPU
		Release|Any CPU = Release|Any CPU
	EndGlobalSection
	GlobalSection(ProjectConfigurationPlatforms) = postSolution
		{2D82F477-02E6-480F-9DE2-E1922CC18DD4}.Debug|Any CPU.ActiveCfg = Debug|Any CPU
		{2D82F477-02E6-480F-9DE2-E1922CC18DD4}.Debug|Any CPU.Build.0 = Debug|Any CPU
		{2D82F477-02E6-480F-9DE2-E1922CC18DD4}.Release|Any CPU.ActiveCfg = Release|Any CPU
		{2D82F477-02E6-480F-9DE2-E1922CC18DD4}.Release|Any CPU.Build.0 = Release|Any CPU
		{59BA2DF7-1A9C-4654-9A5E-CD5F36D4FA8E}.Debug|Any CPU.ActiveCfg = Debug|Any CPU
		{59BA2DF7-1A9C-4654-9A5E-CD5F36D4FA8E}.Debug|Any CPU.Build.0 = Debug|Any CPU
		{59BA2DF7-1A9C-4654-9A5E-CD5F36D4FA8E}.Release|Any CPU.ActiveCfg = Release|Any CPU
		{59BA2DF7-1A9C-4654-9A5E-CD5F36D4FA8E}.Release|Any CPU.Build.0 = Release|Any CPU
		{D6258601-4F1F-418A-AA4C-401BEDEB62E6}.Debug|Any CPU.ActiveCfg = Debug|Any CPU
		{D6258601-4F1F-418A-AA4C-401BEDEB62E6}.Debug|Any CPU.Build.0 = Debug|Any CPU
		{D6258601-4F1F-418A-AA4C-401BEDEB62E6}.Release|Any CPU.ActiveCfg = Release|Any CPU
		{D6258601-4F1F-418A-AA4C-401BEDEB62E6}.Release|Any CPU.Build.0 = Release|Any CPU
		{9A6C42ED-FC02-4B54-B66E-6D443361906A}.Debug|Any CPU.ActiveCfg = Debug|Any CPU
		{9A6C42ED-FC02-4B54-B66E-6D443361906A}.Debug|Any CPU.Build.0 = Debug|Any CPU
		{9A6C42ED-FC02-4B54-B66E-6D443361906A}.Release|Any CPU.ActiveCfg = Release|Any CPU
		{9A6C42ED-FC02-4B54-B66E-6D443361906A}.Release|Any CPU.Build.0 = Release|Any CPU
		{52DEF466-022D-4D4A-808D-D5F8A6A1EDBF}.Debug|Any CPU.ActiveCfg = Debug|Any CPU
		{52DEF466-022D-4D4A-808D-D5F8A6A1EDBF}.Debug|Any CPU.Build.0 = Debug|Any CPU
		{52DEF466-022D-4D4A-808D-D5F8A6A1EDBF}.Release|Any CPU.ActiveCfg = Release|Any CPU
		{52DEF466-022D-4D4A-808D-D5F8A6A1EDBF}.Release|Any CPU.Build.0 = Release|Any CPU
		{836A7167-7695-4B0C-BCED-73302C9D5C09}.Debug|Any CPU.ActiveCfg = Debug|Any CPU
		{836A7167-7695-4B0C-BCED-73302C9D5C09}.Debug|Any CPU.Build.0 = Debug|Any CPU
		{836A7167-7695-4B0C-BCED-73302C9D5C09}.Release|Any CPU.ActiveCfg = Release|Any CPU
		{836A7167-7695-4B0C-BCED-73302C9D5C09}.Release|Any CPU.Build.0 = Release|Any CPU
		{2FBD50A5-33C3-40F1-AECE-DE7CF15CA7B5}.Debug|Any CPU.ActiveCfg = Debug|Any CPU
		{2FBD50A5-33C3-40F1-AECE-DE7CF15CA7B5}.Debug|Any CPU.Build.0 = Debug|Any CPU
		{2FBD50A5-33C3-40F1-AECE-DE7CF15CA7B5}.Release|Any CPU.ActiveCfg = Release|Any CPU
		{2FBD50A5-33C3-40F1-AECE-DE7CF15CA7B5}.Release|Any CPU.Build.0 = Release|Any CPU
	EndGlobalSection
	GlobalSection(SolutionProperties) = preSolution
		HideSolutionNode = FALSE
	EndGlobalSection
	GlobalSection(NestedProjects) = preSolution
		{D6258601-4F1F-418A-AA4C-401BEDEB62E6} = {9F2C8227-8925-42C2-966F-C06A96059EE4}
		{9A6C42ED-FC02-4B54-B66E-6D443361906A} = {9F2C8227-8925-42C2-966F-C06A96059EE4}
		{2FBD50A5-33C3-40F1-AECE-DE7CF15CA7B5} = {9F2C8227-8925-42C2-966F-C06A96059EE4}
	EndGlobalSection
EndGlobal
